
Microsoft Visual Studio Solution File, Format Version 12.00
# Visual Studio Version 16
VisualStudioVersion = 16.0.31410.357
MinimumVisualStudioVersion = 10.0.40219.1
Project("{9A19103F-16F7-4668-BE54-9A1E7A4F7556}") = "mtasa-map-parser", "mtasa-map-parser.csproj", "{52D12F9D-1767-439A-8C6E-33D8EED80537}"
EndProject
Project("{FAE04EC0-301F-11D3-BF4B-00C04F79EFBC}") = "tests", "src\tests\tests.csproj", "{9442C7D5-29B7-4EFB-8A0D-5ACBF8FF9846}"
EndProject
Global
	GlobalSection(SolutionConfigurationPlatforms) = preSolution
		Debug|Any CPU = Debug|Any CPU
		Release|Any CPU = Release|Any CPU
	EndGlobalSection
	GlobalSection(ProjectConfigurationPlatforms) = postSolution
		{52D12F9D-1767-439A-8C6E-33D8EED80537}.Debug|Any CPU.ActiveCfg = Debug|Any CPU
		{52D12F9D-1767-439A-8C6E-33D8EED80537}.Debug|Any CPU.Build.0 = Debug|Any CPU
		{52D12F9D-1767-439A-8C6E-33D8EED80537}.Release|Any CPU.ActiveCfg = Release|Any CPU
		{52D12F9D-1767-439A-8C6E-33D8EED80537}.Release|Any CPU.Build.0 = Release|Any CPU
		{9442C7D5-29B7-4EFB-8A0D-5ACBF8FF9846}.Debug|Any CPU.ActiveCfg = Debug|Any CPU
		{9442C7D5-29B7-4EFB-8A0D-5ACBF8FF9846}.Debug|Any CPU.Build.0 = Debug|Any CPU
		{9442C7D5-29B7-4EFB-8A0D-5ACBF8FF9846}.Release|Any CPU.ActiveCfg = Release|Any CPU
		{9442C7D5-29B7-4EFB-8A0D-5ACBF8FF9846}.Release|Any CPU.Build.0 = Release|Any CPU
	EndGlobalSection
	GlobalSection(SolutionProperties) = preSolution
		HideSolutionNode = FALSE
	EndGlobalSection
	GlobalSection(ExtensibilityGlobals) = postSolution
		SolutionGuid = {3821D4DE-9439-4B36-A7CD-0742514FB875}
	EndGlobalSection
EndGlobal
