
Microsoft Visual Studio Solution File, Format Version 12.00
# Visual Studio Version 16
VisualStudioVersion = 16.0.31410.357
MinimumVisualStudioVersion = 10.0.40219.1
Project("{9A19103F-16F7-4668-BE54-9A1E7A4F7556}") = "Source", "Source\Source.csproj", "{65042165-96D7-4A17-91D6-4C6D8F3028A2}"
EndProject
Project("{FAE04EC0-301F-11D3-BF4B-00C04F79EFBC}") = "Source.Tests", "Source.Tests\Source.Tests.csproj", "{4E815774-6418-49A3-81BA-63815A496601}"
EndProject
Global
	GlobalSection(SolutionConfigurationPlatforms) = preSolution
		Debug|Any CPU = Debug|Any CPU
		Release|Any CPU = Release|Any CPU
	EndGlobalSection
	GlobalSection(ProjectConfigurationPlatforms) = postSolution
		{65042165-96D7-4A17-91D6-4C6D8F3028A2}.Debug|Any CPU.ActiveCfg = Debug|Any CPU
		{65042165-96D7-4A17-91D6-4C6D8F3028A2}.Debug|Any CPU.Build.0 = Debug|Any CPU
		{65042165-96D7-4A17-91D6-4C6D8F3028A2}.Release|Any CPU.ActiveCfg = Release|Any CPU
		{65042165-96D7-4A17-91D6-4C6D8F3028A2}.Release|Any CPU.Build.0 = Release|Any CPU
		{4E815774-6418-49A3-81BA-63815A496601}.Debug|Any CPU.ActiveCfg = Debug|Any CPU
		{4E815774-6418-49A3-81BA-63815A496601}.Debug|Any CPU.Build.0 = Debug|Any CPU
		{4E815774-6418-49A3-81BA-63815A496601}.Release|Any CPU.ActiveCfg = Release|Any CPU
		{4E815774-6418-49A3-81BA-63815A496601}.Release|Any CPU.Build.0 = Release|Any CPU
	EndGlobalSection
	GlobalSection(SolutionProperties) = preSolution
		HideSolutionNode = FALSE
	EndGlobalSection
	GlobalSection(ExtensibilityGlobals) = postSolution
		SolutionGuid = {8ACC6AB2-3348-4A67-9450-94BC2860D39F}
	EndGlobalSection
EndGlobal
